// !$*UTF8*$!
{
	archiveVersion = 1;
	classes = {
	};
	objectVersion = 50;
	objects = {

/* Begin PBXBuildFile section */
		AF3BAF1A205E0CF800CBC127 /* AppDelegate.swift in Sources */ = {isa = PBXBuildFile; fileRef = AF3BAF19205E0CF800CBC127 /* AppDelegate.swift */; };
		AF3BAF1C205E0CF800CBC127 /* SKVideoViewController.swift in Sources */ = {isa = PBXBuildFile; fileRef = AF3BAF1B205E0CF800CBC127 /* SKVideoViewController.swift */; };
		AF3BAF21205E0CF800CBC127 /* Assets.xcassets in Resources */ = {isa = PBXBuildFile; fileRef = AF3BAF20205E0CF800CBC127 /* Assets.xcassets */; };
		AF3BAF24205E0CF800CBC127 /* LaunchScreen.storyboard in Resources */ = {isa = PBXBuildFile; fileRef = AF3BAF22205E0CF800CBC127 /* LaunchScreen.storyboard */; };
		AF3BAF2D205E0DE000CBC127 /* ARSettings.swift in Sources */ = {isa = PBXBuildFile; fileRef = AF3BAF2C205E0DE000CBC127 /* ARSettings.swift */; };
		AF3BAF31205E17A900CBC127 /* Main.storyboard in Resources */ = {isa = PBXBuildFile; fileRef = AF3BAF30205E17A900CBC127 /* Main.storyboard */; };
		AF3BAF33205E199300CBC127 /* VideoNodeSK.swift in Sources */ = {isa = PBXBuildFile; fileRef = AF3BAF32205E199300CBC127 /* VideoNodeSK.swift */; };
		AF3BAF39205E373B00CBC127 /* blackCat.mp4 in Resources */ = {isa = PBXBuildFile; fileRef = AF3BAF38205E36A700CBC127 /* blackCat.mp4 */; };
		AF48ABF2206487BC00DC3914 /* spaceVortex.mov in Resources */ = {isa = PBXBuildFile; fileRef = AF48ABF1206487BC00DC3914 /* spaceVortex.mov */; };
		AF57613820A8F17600EED03A /* Text.swift in Sources */ = {isa = PBXBuildFile; fileRef = AF57613720A8F17600EED03A /* Text.swift */; };
		AF9B656A20AE43490076666A /* ARSCNView+Extensions.swift in Sources */ = {isa = PBXBuildFile; fileRef = AF9B656920AE43490076666A /* ARSCNView+Extensions.swift */; };
		AFF061EB20ABD64A00ECC966 /* UIViewController+Extensions.swift in Sources */ = {isa = PBXBuildFile; fileRef = AFF061EA20ABD64A00ECC966 /* UIViewController+Extensions.swift */; };
		AFF0620F20ABE00B00ECC966 /* SCNNode+Extensions.swift in Sources */ = {isa = PBXBuildFile; fileRef = AFF0620E20ABE00B00ECC966 /* SCNNode+Extensions.swift */; };
/* End PBXBuildFile section */

/* Begin PBXFileReference section */
		AF3BAF16205E0CF800CBC127 /* ARVideo.app */ = {isa = PBXFileReference; explicitFileType = wrapper.application; includeInIndex = 0; path = ARVideo.app; sourceTree = BUILT_PRODUCTS_DIR; };
		AF3BAF19205E0CF800CBC127 /* AppDelegate.swift */ = {isa = PBXFileReference; lastKnownFileType = sourcecode.swift; path = AppDelegate.swift; sourceTree = "<group>"; };
		AF3BAF1B205E0CF800CBC127 /* SKVideoViewController.swift */ = {isa = PBXFileReference; lastKnownFileType = sourcecode.swift; path = SKVideoViewController.swift; sourceTree = "<group>"; };
		AF3BAF20205E0CF800CBC127 /* Assets.xcassets */ = {isa = PBXFileReference; lastKnownFileType = folder.assetcatalog; path = Assets.xcassets; sourceTree = "<group>"; };
		AF3BAF23205E0CF800CBC127 /* Base */ = {isa = PBXFileReference; lastKnownFileType = file.storyboard; name = Base; path = Base.lproj/LaunchScreen.storyboard; sourceTree = "<group>"; };
		AF3BAF25205E0CF800CBC127 /* Info.plist */ = {isa = PBXFileReference; lastKnownFileType = text.plist.xml; path = Info.plist; sourceTree = "<group>"; };
		AF3BAF2C205E0DE000CBC127 /* ARSettings.swift */ = {isa = PBXFileReference; fileEncoding = 4; lastKnownFileType = sourcecode.swift; path = ARSettings.swift; sourceTree = "<group>"; };
		AF3BAF30205E17A900CBC127 /* Main.storyboard */ = {isa = PBXFileReference; fileEncoding = 4; lastKnownFileType = file.storyboard; path = Main.storyboard; sourceTree = "<group>"; };
		AF3BAF32205E199300CBC127 /* VideoNodeSK.swift */ = {isa = PBXFileReference; fileEncoding = 4; lastKnownFileType = sourcecode.swift; path = VideoNodeSK.swift; sourceTree = "<group>"; };
		AF3BAF38205E36A700CBC127 /* blackCat.mp4 */ = {isa = PBXFileReference; lastKnownFileType = file; path = blackCat.mp4; sourceTree = "<group>"; };
		AF48ABF1206487BC00DC3914 /* spaceVortex.mov */ = {isa = PBXFileReference; lastKnownFileType = video.quicktime; path = spaceVortex.mov; sourceTree = "<group>"; };
		AF57613720A8F17600EED03A /* Text.swift */ = {isa = PBXFileReference; fileEncoding = 4; lastKnownFileType = sourcecode.swift; path = Text.swift; sourceTree = "<group>"; };
		AF9B656920AE43490076666A /* ARSCNView+Extensions.swift */ = {isa = PBXFileReference; lastKnownFileType = sourcecode.swift; path = "ARSCNView+Extensions.swift"; sourceTree = "<group>"; };
		AFF061EA20ABD64A00ECC966 /* UIViewController+Extensions.swift */ = {isa = PBXFileReference; lastKnownFileType = sourcecode.swift; path = "UIViewController+Extensions.swift"; sourceTree = "<group>"; };
		AFF0620E20ABE00B00ECC966 /* SCNNode+Extensions.swift */ = {isa = PBXFileReference; lastKnownFileType = sourcecode.swift; path = "SCNNode+Extensions.swift"; sourceTree = "<group>"; };
/* End PBXFileReference section */

/* Begin PBXFrameworksBuildPhase section */
		AF3BAF13205E0CF800CBC127 /* Frameworks */ = {
			isa = PBXFrameworksBuildPhase;
			buildActionMask = 2147483647;
			files = (
			);
			runOnlyForDeploymentPostprocessing = 0;
		};
/* End PBXFrameworksBuildPhase section */

/* Begin PBXGroup section */
		AF3BAF0D205E0CF800CBC127 = {
			isa = PBXGroup;
			children = (
				AF3BAF18205E0CF800CBC127 /* ARVideo */,
				AF3BAF17205E0CF800CBC127 /* Products */,
			);
			sourceTree = "<group>";
		};
		AF3BAF17205E0CF800CBC127 /* Products */ = {
			isa = PBXGroup;
			children = (
				AF3BAF16205E0CF800CBC127 /* ARVideo.app */,
			);
			name = Products;
			sourceTree = "<group>";
		};
		AF3BAF18205E0CF800CBC127 /* ARVideo */ = {
			isa = PBXGroup;
			children = (
				AF49DBDB20A652AC00C6C09D /* Videos */,
				AF3BAF2B205E0DA100CBC127 /* Extensions */,
				AF49DBDC20A6530E00C6C09D /* Video Classes */,
				AF3BAF19205E0CF800CBC127 /* AppDelegate.swift */,
				AF3BAF30205E17A900CBC127 /* Main.storyboard */,
				AF3BAF22205E0CF800CBC127 /* LaunchScreen.storyboard */,
				AF3BAF20205E0CF800CBC127 /* Assets.xcassets */,
				AF3BAF25205E0CF800CBC127 /* Info.plist */,
			);
			path = ARVideo;
			sourceTree = "<group>";
		};
		AF3BAF2B205E0DA100CBC127 /* Extensions */ = {
			isa = PBXGroup;
			children = (
				AF57613720A8F17600EED03A /* Text.swift */,
				AF3BAF2C205E0DE000CBC127 /* ARSettings.swift */,
				AFF061EA20ABD64A00ECC966 /* UIViewController+Extensions.swift */,
				AFF0620E20ABE00B00ECC966 /* SCNNode+Extensions.swift */,
				AF9B656920AE43490076666A /* ARSCNView+Extensions.swift */,
			);
			path = Extensions;
			sourceTree = "<group>";
		};
		AF49DBDB20A652AC00C6C09D /* Videos */ = {
			isa = PBXGroup;
			children = (
				AF3BAF38205E36A700CBC127 /* blackCat.mp4 */,
				AF48ABF1206487BC00DC3914 /* spaceVortex.mov */,
			);
			path = Videos;
			sourceTree = "<group>";
		};
		AF49DBDC20A6530E00C6C09D /* Video Classes */ = {
			isa = PBXGroup;
			children = (
				AF3BAF1B205E0CF800CBC127 /* SKVideoViewController.swift */,
				AF3BAF32205E199300CBC127 /* VideoNodeSK.swift */,
			);
			path = "Video Classes";
			sourceTree = "<group>";
		};
/* End PBXGroup section */

/* Begin PBXNativeTarget section */
		AF3BAF15205E0CF800CBC127 /* ARVideo */ = {
			isa = PBXNativeTarget;
			buildConfigurationList = AF3BAF28205E0CF800CBC127 /* Build configuration list for PBXNativeTarget "ARVideo" */;
			buildPhases = (
				AF3BAF12205E0CF800CBC127 /* Sources */,
				AF3BAF13205E0CF800CBC127 /* Frameworks */,
				AF3BAF14205E0CF800CBC127 /* Resources */,
			);
			buildRules = (
			);
			dependencies = (
			);
			name = ARVideo;
			productName = ARVideo;
			productReference = AF3BAF16205E0CF800CBC127 /* ARVideo.app */;
			productType = "com.apple.product-type.application";
		};
/* End PBXNativeTarget section */

/* Begin PBXProject section */
		AF3BAF0E205E0CF800CBC127 /* Project object */ = {
			isa = PBXProject;
			attributes = {
				LastSwiftUpdateCheck = 0930;
				LastUpgradeCheck = 0940;
				ORGANIZATIONNAME = BlackMirror;
				TargetAttributes = {
					AF3BAF15205E0CF800CBC127 = {
						CreatedOnToolsVersion = 9.3;
					};
				};
			};
			buildConfigurationList = AF3BAF11205E0CF800CBC127 /* Build configuration list for PBXProject "ARVideo" */;
			compatibilityVersion = "Xcode 9.3";
			developmentRegion = en;
			hasScannedForEncodings = 0;
			knownRegions = (
				en,
				Base,
			);
			mainGroup = AF3BAF0D205E0CF800CBC127;
			productRefGroup = AF3BAF17205E0CF800CBC127 /* Products */;
			projectDirPath = "";
			projectRoot = "";
			targets = (
				AF3BAF15205E0CF800CBC127 /* ARVideo */,
			);
		};
/* End PBXProject section */

/* Begin PBXResourcesBuildPhase section */
		AF3BAF14205E0CF800CBC127 /* Resources */ = {
			isa = PBXResourcesBuildPhase;
			buildActionMask = 2147483647;
			files = (
				AF3BAF39205E373B00CBC127 /* blackCat.mp4 in Resources */,
				AF48ABF2206487BC00DC3914 /* spaceVortex.mov in Resources */,
				AF3BAF31205E17A900CBC127 /* Main.storyboard in Resources */,
				AF3BAF24205E0CF800CBC127 /* LaunchScreen.storyboard in Resources */,
				AF3BAF21205E0CF800CBC127 /* Assets.xcassets in Resources */,
			);
			runOnlyForDeploymentPostprocessing = 0;
		};
/* End PBXResourcesBuildPhase section */

/* Begin PBXSourcesBuildPhase section */
		AF3BAF12205E0CF800CBC127 /* Sources */ = {
			isa = PBXSourcesBuildPhase;
			buildActionMask = 2147483647;
			files = (
				AF3BAF1C205E0CF800CBC127 /* SKVideoViewController.swift in Sources */,
				AF57613820A8F17600EED03A /* Text.swift in Sources */,
				AF9B656A20AE43490076666A /* ARSCNView+Extensions.swift in Sources */,
				AF3BAF2D205E0DE000CBC127 /* ARSettings.swift in Sources */,
				AF3BAF1A205E0CF800CBC127 /* AppDelegate.swift in Sources */,
				AFF061EB20ABD64A00ECC966 /* UIViewController+Extensions.swift in Sources */,
				AFF0620F20ABE00B00ECC966 /* SCNNode+Extensions.swift in Sources */,
				AF3BAF33205E199300CBC127 /* VideoNodeSK.swift in Sources */,
			);
			runOnlyForDeploymentPostprocessing = 0;
		};
/* End PBXSourcesBuildPhase section */

/* Begin PBXVariantGroup section */
		AF3BAF22205E0CF800CBC127 /* LaunchScreen.storyboard */ = {
			isa = PBXVariantGroup;
			children = (
				AF3BAF23205E0CF800CBC127 /* Base */,
			);
			name = LaunchScreen.storyboard;
			sourceTree = "<group>";
		};
/* End PBXVariantGroup section */

/* Begin XCBuildConfiguration section */
		AF3BAF26205E0CF800CBC127 /* Debug */ = {
			isa = XCBuildConfiguration;
			buildSettings = {
				ALWAYS_SEARCH_USER_PATHS = NO;
				CLANG_ANALYZER_NONNULL = YES;
				CLANG_ANALYZER_NUMBER_OBJECT_CONVERSION = YES_AGGRESSIVE;
				CLANG_CXX_LANGUAGE_STANDARD = "gnu++14";
				CLANG_CXX_LIBRARY = "libc++";
				CLANG_ENABLE_MODULES = YES;
				CLANG_ENABLE_OBJC_ARC = YES;
				CLANG_ENABLE_OBJC_WEAK = YES;
				CLANG_WARN_BLOCK_CAPTURE_AUTORELEASING = YES;
				CLANG_WARN_BOOL_CONVERSION = YES;
				CLANG_WARN_COMMA = YES;
				CLANG_WARN_CONSTANT_CONVERSION = YES;
				CLANG_WARN_DEPRECATED_OBJC_IMPLEMENTATIONS = YES;
				CLANG_WARN_DIRECT_OBJC_ISA_USAGE = YES_ERROR;
				CLANG_WARN_DOCUMENTATION_COMMENTS = YES;
				CLANG_WARN_EMPTY_BODY = YES;
				CLANG_WARN_ENUM_CONVERSION = YES;
				CLANG_WARN_INFINITE_RECURSION = YES;
				CLANG_WARN_INT_CONVERSION = YES;
				CLANG_WARN_NON_LITERAL_NULL_CONVERSION = YES;
				CLANG_WARN_OBJC_IMPLICIT_RETAIN_SELF = YES;
				CLANG_WARN_OBJC_LITERAL_CONVERSION = YES;
				CLANG_WARN_OBJC_ROOT_CLASS = YES_ERROR;
				CLANG_WARN_RANGE_LOOP_ANALYSIS = YES;
				CLANG_WARN_STRICT_PROTOTYPES = YES;
				CLANG_WARN_SUSPICIOUS_MOVE = YES;
				CLANG_WARN_UNGUARDED_AVAILABILITY = YES_AGGRESSIVE;
				CLANG_WARN_UNREACHABLE_CODE = YES;
				CLANG_WARN__DUPLICATE_METHOD_MATCH = YES;
				CODE_SIGN_IDENTITY = "iPhone Developer";
				COPY_PHASE_STRIP = NO;
				DEBUG_INFORMATION_FORMAT = dwarf;
				ENABLE_STRICT_OBJC_MSGSEND = YES;
				ENABLE_TESTABILITY = YES;
				GCC_C_LANGUAGE_STANDARD = gnu11;
				GCC_DYNAMIC_NO_PIC = NO;
				GCC_NO_COMMON_BLOCKS = YES;
				GCC_OPTIMIZATION_LEVEL = 0;
				GCC_PREPROCESSOR_DEFINITIONS = (
					"DEBUG=1",
					"$(inherited)",
				);
				GCC_WARN_64_TO_32_BIT_CONVERSION = YES;
				GCC_WARN_ABOUT_RETURN_TYPE = YES_ERROR;
				GCC_WARN_UNDECLARED_SELECTOR = YES;
				GCC_WARN_UNINITIALIZED_AUTOS = YES_AGGRESSIVE;
				GCC_WARN_UNUSED_FUNCTION = YES;
				GCC_WARN_UNUSED_VARIABLE = YES;
				IPHONEOS_DEPLOYMENT_TARGET = 11.3;
				MTL_ENABLE_DEBUG_INFO = YES;
				ONLY_ACTIVE_ARCH = YES;
				SDKROOT = iphoneos;
				SWIFT_ACTIVE_COMPILATION_CONDITIONS = DEBUG;
				SWIFT_OPTIMIZATION_LEVEL = "-Onone";
			};
			name = Debug;
		};
		AF3BAF27205E0CF800CBC127 /* Release */ = {
			isa = XCBuildConfiguration;
			buildSettings = {
				ALWAYS_SEARCH_USER_PATHS = NO;
				CLANG_ANALYZER_NONNULL = YES;
				CLANG_ANALYZER_NUMBER_OBJECT_CONVERSION = YES_AGGRESSIVE;
				CLANG_CXX_LANGUAGE_STANDARD = "gnu++14";
				CLANG_CXX_LIBRARY = "libc++";
				CLANG_ENABLE_MODULES = YES;
				CLANG_ENABLE_OBJC_ARC = YES;
				CLANG_ENABLE_OBJC_WEAK = YES;
				CLANG_WARN_BLOCK_CAPTURE_AUTORELEASING = YES;
				CLANG_WARN_BOOL_CONVERSION = YES;
				CLANG_WARN_COMMA = YES;
				CLANG_WARN_CONSTANT_CONVERSION = YES;
				CLANG_WARN_DEPRECATED_OBJC_IMPLEMENTATIONS = YES;
				CLANG_WARN_DIRECT_OBJC_ISA_USAGE = YES_ERROR;
				CLANG_WARN_DOCUMENTATION_COMMENTS = YES;
				CLANG_WARN_EMPTY_BODY = YES;
				CLANG_WARN_ENUM_CONVERSION = YES;
				CLANG_WARN_INFINITE_RECURSION = YES;
				CLANG_WARN_INT_CONVERSION = YES;
				CLANG_WARN_NON_LITERAL_NULL_CONVERSION = YES;
				CLANG_WARN_OBJC_IMPLICIT_RETAIN_SELF = YES;
				CLANG_WARN_OBJC_LITERAL_CONVERSION = YES;
				CLANG_WARN_OBJC_ROOT_CLASS = YES_ERROR;
				CLANG_WARN_RANGE_LOOP_ANALYSIS = YES;
				CLANG_WARN_STRICT_PROTOTYPES = YES;
				CLANG_WARN_SUSPICIOUS_MOVE = YES;
				CLANG_WARN_UNGUARDED_AVAILABILITY = YES_AGGRESSIVE;
				CLANG_WARN_UNREACHABLE_CODE = YES;
				CLANG_WARN__DUPLICATE_METHOD_MATCH = YES;
				CODE_SIGN_IDENTITY = "iPhone Developer";
				COPY_PHASE_STRIP = NO;
				DEBUG_INFORMATION_FORMAT = "dwarf-with-dsym";
				ENABLE_NS_ASSERTIONS = NO;
				ENABLE_STRICT_OBJC_MSGSEND = YES;
				GCC_C_LANGUAGE_STANDARD = gnu11;
				GCC_NO_COMMON_BLOCKS = YES;
				GCC_WARN_64_TO_32_BIT_CONVERSION = YES;
				GCC_WARN_ABOUT_RETURN_TYPE = YES_ERROR;
				GCC_WARN_UNDECLARED_SELECTOR = YES;
				GCC_WARN_UNINITIALIZED_AUTOS = YES_AGGRESSIVE;
				GCC_WARN_UNUSED_FUNCTION = YES;
				GCC_WARN_UNUSED_VARIABLE = YES;
				IPHONEOS_DEPLOYMENT_TARGET = 11.3;
				MTL_ENABLE_DEBUG_INFO = NO;
				SDKROOT = iphoneos;
				SWIFT_COMPILATION_MODE = wholemodule;
				SWIFT_OPTIMIZATION_LEVEL = "-Owholemodule";
				VALIDATE_PRODUCT = YES;
			};
			name = Release;
		};
		AF3BAF29205E0CF800CBC127 /* Debug */ = {
			isa = XCBuildConfiguration;
			buildSettings = {
				ASSETCATALOG_COMPILER_APPICON_NAME = AppIcon;
				CODE_SIGN_STYLE = Automatic;
				DEVELOPMENT_TEAM = DHKEQ8PRAX;
				INFOPLIST_FILE = ARVideo/Info.plist;
				LD_RUNPATH_SEARCH_PATHS = (
					"$(inherited)",
					"@executable_path/Frameworks",
				);
				PRODUCT_BUNDLE_IDENTIFIER = co.uk.blackMirrorz.ARVideo;
				PRODUCT_NAME = "$(TARGET_NAME)";
				SWIFT_VERSION = 4.0;
				TARGETED_DEVICE_FAMILY = 1;
			};
			name = Debug;
		};
		AF3BAF2A205E0CF800CBC127 /* Release */ = {
			isa = XCBuildConfiguration;
			buildSettings = {
				ASSETCATALOG_COMPILER_APPICON_NAME = AppIcon;
				CODE_SIGN_STYLE = Automatic;
				DEVELOPMENT_TEAM = DHKEQ8PRAX;
				INFOPLIST_FILE = ARVideo/Info.plist;
				LD_RUNPATH_SEARCH_PATHS = (
					"$(inherited)",
					"@executable_path/Frameworks",
				);
				PRODUCT_BUNDLE_IDENTIFIER = co.uk.blackMirrorz.ARVideo;
				PRODUCT_NAME = "$(TARGET_NAME)";
				SWIFT_VERSION = 4.0;
				TARGETED_DEVICE_FAMILY = 1;
			};
			name = Release;
		};
/* End XCBuildConfiguration section */

/* Begin XCConfigurationList section */
		AF3BAF11205E0CF800CBC127 /* Build configuration list for PBXProject "ARVideo" */ = {
			isa = XCConfigurationList;
			buildConfigurations = (
				AF3BAF26205E0CF800CBC127 /* Debug */,
				AF3BAF27205E0CF800CBC127 /* Release */,
			);
			defaultConfigurationIsVisible = 0;
			defaultConfigurationName = Release;
		};
		AF3BAF28205E0CF800CBC127 /* Build configuration list for PBXNativeTarget "ARVideo" */ = {
			isa = XCConfigurationList;
			buildConfigurations = (
				AF3BAF29205E0CF800CBC127 /* Debug */,
				AF3BAF2A205E0CF800CBC127 /* Release */,
			);
			defaultConfigurationIsVisible = 0;
			defaultConfigurationName = Release;
		};
/* End XCConfigurationList section */
	};
	rootObject = AF3BAF0E205E0CF800CBC127 /* Project object */;
}
